
Microsoft Visual Studio Solution File, Format Version 12.00
# Visual Studio Version 17
VisualStudioVersion = 17.7.34221.43
MinimumVisualStudioVersion = 10.0.40219.1
Project("{9A19103F-16F7-4668-BE54-9A1E7A4F7556}") = "BocagoiConsole", "BocagoiConsole\BocagoiConsole.csproj", "{56E4A2D8-7252-414C-93C5-2F31F3832C42}"
EndProject
Project("{9A19103F-16F7-4668-BE54-9A1E7A4F7556}") = "Tests", "Tests\Tests.csproj", "{482FAE19-F083-4796-BA92-3E3CBC2BDF34}"
EndProject
Project("{2150E333-8FDC-42A3-9474-1A3956D46DE8}") = "Solution Items", "Solution Items", "{F1F41C58-5D85-4434-B43B-5F3AFA4CF17E}"
	ProjectSection(SolutionItems) = preProject
		LICENSE = LICENSE
		README.md = README.md
	EndProjectSection
EndProject
Global
	GlobalSection(SolutionConfigurationPlatforms) = preSolution
		Debug|Any CPU = Debug|Any CPU
		Release|Any CPU = Release|Any CPU
	EndGlobalSection
	GlobalSection(ProjectConfigurationPlatforms) = postSolution
		{56E4A2D8-7252-414C-93C5-2F31F3832C42}.Debug|Any CPU.ActiveCfg = Debug|Any CPU
		{56E4A2D8-7252-414C-93C5-2F31F3832C42}.Debug|Any CPU.Build.0 = Debug|Any CPU
		{56E4A2D8-7252-414C-93C5-2F31F3832C42}.Release|Any CPU.ActiveCfg = Release|Any CPU
		{56E4A2D8-7252-414C-93C5-2F31F3832C42}.Release|Any CPU.Build.0 = Release|Any CPU
		{482FAE19-F083-4796-BA92-3E3CBC2BDF34}.Debug|Any CPU.ActiveCfg = Debug|Any CPU
		{482FAE19-F083-4796-BA92-3E3CBC2BDF34}.Debug|Any CPU.Build.0 = Debug|Any CPU
		{482FAE19-F083-4796-BA92-3E3CBC2BDF34}.Release|Any CPU.ActiveCfg = Release|Any CPU
		{482FAE19-F083-4796-BA92-3E3CBC2BDF34}.Release|Any CPU.Build.0 = Release|Any CPU
	EndGlobalSection
	GlobalSection(SolutionProperties) = preSolution
		HideSolutionNode = FALSE
	EndGlobalSection
	GlobalSection(ExtensibilityGlobals) = postSolution
		SolutionGuid = {CE9A709D-D472-468C-A885-29F8C67306D2}
	EndGlobalSection
EndGlobal
